
Microsoft Visual Studio Solution File, Format Version 12.00
# Visual Studio 15
VisualStudioVersion = 15.0.27428.2043
MinimumVisualStudioVersion = 10.0.40219.1
Project("{FAE04EC0-301F-11D3-BF4B-00C04F79EFBC}") = "ExportDatabase", "ExportDatabase\ExportDatabase.csproj", "{18F26150-EC47-4B90-940D-40888A7CBA28}"
EndProject
Project("{FAE04EC0-301F-11D3-BF4B-00C04F79EFBC}") = "WpfApp1", "WpfApp1\WpfApp1.csproj", "{00BB3675-B4EB-47F0-AE2A-BB2BA687219A}"
EndProject
Project("{FAE04EC0-301F-11D3-BF4B-00C04F79EFBC}") = "ClassLibrary1", "ClassLibrary1\ClassLibrary1.csproj", "{CE598C81-0863-4ED1-848A-3E64569F85FB}"
EndProject
Project("{FAE04EC0-301F-11D3-BF4B-00C04F79EFBC}") = "WpfApp5", "WpfApp5\WpfApp5.csproj", "{17DF845D-6EEE-4560-AF49-1C0AE16D7639}"
EndProject
Global
	GlobalSection(SolutionConfigurationPlatforms) = preSolution
		Debug|Any CPU = Debug|Any CPU
		Release|Any CPU = Release|Any CPU
	EndGlobalSection
	GlobalSection(ProjectConfigurationPlatforms) = postSolution
		{18F26150-EC47-4B90-940D-40888A7CBA28}.Debug|Any CPU.ActiveCfg = Debug|Any CPU
		{18F26150-EC47-4B90-940D-40888A7CBA28}.Debug|Any CPU.Build.0 = Debug|Any CPU
		{18F26150-EC47-4B90-940D-40888A7CBA28}.Release|Any CPU.ActiveCfg = Release|Any CPU
		{18F26150-EC47-4B90-940D-40888A7CBA28}.Release|Any CPU.Build.0 = Release|Any CPU
		{00BB3675-B4EB-47F0-AE2A-BB2BA687219A}.Debug|Any CPU.ActiveCfg = Debug|Any CPU
		{00BB3675-B4EB-47F0-AE2A-BB2BA687219A}.Debug|Any CPU.Build.0 = Debug|Any CPU
		{00BB3675-B4EB-47F0-AE2A-BB2BA687219A}.Release|Any CPU.ActiveCfg = Release|Any CPU
		{00BB3675-B4EB-47F0-AE2A-BB2BA687219A}.Release|Any CPU.Build.0 = Release|Any CPU
		{CE598C81-0863-4ED1-848A-3E64569F85FB}.Debug|Any CPU.ActiveCfg = Debug|Any CPU
		{CE598C81-0863-4ED1-848A-3E64569F85FB}.Debug|Any CPU.Build.0 = Debug|Any CPU
		{CE598C81-0863-4ED1-848A-3E64569F85FB}.Release|Any CPU.ActiveCfg = Release|Any CPU
		{CE598C81-0863-4ED1-848A-3E64569F85FB}.Release|Any CPU.Build.0 = Release|Any CPU
		{17DF845D-6EEE-4560-AF49-1C0AE16D7639}.Debug|Any CPU.ActiveCfg = Debug|Any CPU
		{17DF845D-6EEE-4560-AF49-1C0AE16D7639}.Debug|Any CPU.Build.0 = Debug|Any CPU
		{17DF845D-6EEE-4560-AF49-1C0AE16D7639}.Release|Any CPU.ActiveCfg = Release|Any CPU
		{17DF845D-6EEE-4560-AF49-1C0AE16D7639}.Release|Any CPU.Build.0 = Release|Any CPU
	EndGlobalSection
	GlobalSection(SolutionProperties) = preSolution
		HideSolutionNode = FALSE
	EndGlobalSection
	GlobalSection(ExtensibilityGlobals) = postSolution
		SolutionGuid = {823984C7-59BB-475F-B825-E61F3FCC5E1C}
	EndGlobalSection
EndGlobal
